// !$*UTF8*$!
{
	archiveVersion = 1;
	classes = {
	};
	objectVersion = 60;
	objects = {

/* Begin PBXBuildFile section */
		AA0000010000000000000001 /* AureliaWordsApp.swift in Sources */ = {isa = PBXBuildFile; fileRef = AA0000010000000000000101 /* AureliaWordsApp.swift */; };
		AA0000010000000000000002 /* AppView.swift in Sources */ = {isa = PBXBuildFile; fileRef = AA0000010000000000000102 /* AppView.swift */; };
		AA000001000000000000000F /* HomeView.swift in Sources */ = {isa = PBXBuildFile; fileRef = AA000001000000000000010F /* HomeView.swift */; };
		AA0000010000000000000012 /* SettingsView.swift in Sources */ = {isa = PBXBuildFile; fileRef = AA0000010000000000000110 /* SettingsView.swift */; };
		AA0000010000000000000013 /* HowToPlayView.swift in Sources */ = {isa = PBXBuildFile; fileRef = AA0000010000000000000111 /* HowToPlayView.swift */; };
		AA0000010000000000000014 /* AboutSupportView.swift in Sources */ = {isa = PBXBuildFile; fileRef = AA0000010000000000000112 /* AboutSupportView.swift */; };
		AA0000010000000000000015 /* AppMetadata.swift in Sources */ = {isa = PBXBuildFile; fileRef = AA0000010000000000000113 /* AppMetadata.swift */; };
		AA0000010000000000000016 /* AppSettingsStore.swift in Sources */ = {isa = PBXBuildFile; fileRef = AA0000010000000000000114 /* AppSettingsStore.swift */; };
		AA0000010000000000000017 /* AureliaWordsUITests.swift in Sources */ = {isa = PBXBuildFile; fileRef = AA0000010000000000000115 /* AureliaWordsUITests.swift */; };
		AA000001000000000000001B /* StoreModels.swift in Sources */ = {isa = PBXBuildFile; fileRef = AA0000010000000000000116 /* StoreModels.swift */; };
		AA000001000000000000001C /* StoreView.swift in Sources */ = {isa = PBXBuildFile; fileRef = AA0000010000000000000117 /* StoreView.swift */; };
		AA000001000000000000001D /* WordServices.swift in Sources */ = {isa = PBXBuildFile; fileRef = AA0000010000000000000118 /* WordServices.swift */; };
		AA0000010000000000000003 /* Theme.swift in Sources */ = {isa = PBXBuildFile; fileRef = AA0000010000000000000103 /* Theme.swift */; };
		AA0000010000000000000004 /* GameModels.swift in Sources */ = {isa = PBXBuildFile; fileRef = AA0000010000000000000104 /* GameModels.swift */; };
		AA0000010000000000000005 /* GameEngine.swift in Sources */ = {isa = PBXBuildFile; fileRef = AA0000010000000000000105 /* GameEngine.swift */; };
		AA0000010000000000000006 /* GameViewModel.swift in Sources */ = {isa = PBXBuildFile; fileRef = AA0000010000000000000106 /* GameViewModel.swift */; };
		AA0000010000000000000007 /* GameView.swift in Sources */ = {isa = PBXBuildFile; fileRef = AA0000010000000000000107 /* GameView.swift */; };
		AA0000010000000000000008 /* PremiumKeyboard.swift in Sources */ = {isa = PBXBuildFile; fileRef = AA0000010000000000000108 /* PremiumKeyboard.swift */; };
		AA0000010000000000000009 /* PersistenceModels.swift in Sources */ = {isa = PBXBuildFile; fileRef = AA0000010000000000000109 /* PersistenceModels.swift */; };
		AA000001000000000000000A /* StatsView.swift in Sources */ = {isa = PBXBuildFile; fileRef = AA000001000000000000010A /* StatsView.swift */; };
		AA000001000000000000000B /* answers.txt in Resources */ = {isa = PBXBuildFile; fileRef = AA000001000000000000010B /* answers.txt */; };
		AA000001000000000000000C /* allowed_guesses.txt in Resources */ = {isa = PBXBuildFile; fileRef = AA000001000000000000010C /* allowed_guesses.txt */; };
		AA000001000000000000000D /* Assets.xcassets in Resources */ = {isa = PBXBuildFile; fileRef = AA000001000000000000010D /* Assets.xcassets */; };
		AA000001000000000000000E /* GameEngineTests.swift in Sources */ = {isa = PBXBuildFile; fileRef = AA000001000000000000010E /* GameEngineTests.swift */; };
/* End PBXBuildFile section */

/* Begin PBXContainerItemProxy section */
		AA0000010000000000000010 /* PBXContainerItemProxy */ = {
			isa = PBXContainerItemProxy;
			containerPortal = AA0000010000000000000020 /* Project object */;
			proxyType = 1;
			remoteGlobalIDString = AA0000010000000000000040;
			remoteInfo = AureliaWords;
		};
		AA0000010000000000000018 /* PBXContainerItemProxy */ = {
			isa = PBXContainerItemProxy;
			containerPortal = AA0000010000000000000020 /* Project object */;
			proxyType = 1;
			remoteGlobalIDString = AA0000010000000000000040;
			remoteInfo = AureliaWords;
		};
/* End PBXContainerItemProxy section */

/* Begin PBXFileReference section */
		AA0000010000000000000101 /* AureliaWordsApp.swift */ = {isa = PBXFileReference; lastKnownFileType = sourcecode.swift; path = AureliaWordsApp.swift; sourceTree = "<group>"; };
		AA0000010000000000000102 /* AppView.swift */ = {isa = PBXFileReference; lastKnownFileType = sourcecode.swift; path = AppView.swift; sourceTree = "<group>"; };
		AA000001000000000000010F /* HomeView.swift */ = {isa = PBXFileReference; lastKnownFileType = sourcecode.swift; path = HomeView.swift; sourceTree = "<group>"; };
		AA0000010000000000000110 /* SettingsView.swift */ = {isa = PBXFileReference; lastKnownFileType = sourcecode.swift; path = SettingsView.swift; sourceTree = "<group>"; };
		AA0000010000000000000111 /* HowToPlayView.swift */ = {isa = PBXFileReference; lastKnownFileType = sourcecode.swift; path = HowToPlayView.swift; sourceTree = "<group>"; };
		AA0000010000000000000112 /* AboutSupportView.swift */ = {isa = PBXFileReference; lastKnownFileType = sourcecode.swift; path = AboutSupportView.swift; sourceTree = "<group>"; };
		AA0000010000000000000113 /* AppMetadata.swift */ = {isa = PBXFileReference; lastKnownFileType = sourcecode.swift; path = AppMetadata.swift; sourceTree = "<group>"; };
		AA0000010000000000000114 /* AppSettingsStore.swift */ = {isa = PBXFileReference; lastKnownFileType = sourcecode.swift; path = AppSettingsStore.swift; sourceTree = "<group>"; };
		AA0000010000000000000115 /* AureliaWordsUITests.swift */ = {isa = PBXFileReference; lastKnownFileType = sourcecode.swift; path = AureliaWordsUITests.swift; sourceTree = "<group>"; };
		AA0000010000000000000116 /* StoreModels.swift */ = {isa = PBXFileReference; lastKnownFileType = sourcecode.swift; path = StoreModels.swift; sourceTree = "<group>"; };
		AA0000010000000000000117 /* StoreView.swift */ = {isa = PBXFileReference; lastKnownFileType = sourcecode.swift; path = StoreView.swift; sourceTree = "<group>"; };
		AA0000010000000000000118 /* WordServices.swift */ = {isa = PBXFileReference; lastKnownFileType = sourcecode.swift; path = WordServices.swift; sourceTree = "<group>"; };
		AA0000010000000000000103 /* Theme.swift */ = {isa = PBXFileReference; lastKnownFileType = sourcecode.swift; path = Theme.swift; sourceTree = "<group>"; };
		AA0000010000000000000104 /* GameModels.swift */ = {isa = PBXFileReference; lastKnownFileType = sourcecode.swift; path = GameModels.swift; sourceTree = "<group>"; };
		AA0000010000000000000105 /* GameEngine.swift */ = {isa = PBXFileReference; lastKnownFileType = sourcecode.swift; path = GameEngine.swift; sourceTree = "<group>"; };
		AA0000010000000000000106 /* GameViewModel.swift */ = {isa = PBXFileReference; lastKnownFileType = sourcecode.swift; path = GameViewModel.swift; sourceTree = "<group>"; };
		AA0000010000000000000107 /* GameView.swift */ = {isa = PBXFileReference; lastKnownFileType = sourcecode.swift; path = GameView.swift; sourceTree = "<group>"; };
		AA0000010000000000000108 /* PremiumKeyboard.swift */ = {isa = PBXFileReference; lastKnownFileType = sourcecode.swift; path = PremiumKeyboard.swift; sourceTree = "<group>"; };
		AA0000010000000000000109 /* PersistenceModels.swift */ = {isa = PBXFileReference; lastKnownFileType = sourcecode.swift; path = PersistenceModels.swift; sourceTree = "<group>"; };
		AA000001000000000000010A /* StatsView.swift */ = {isa = PBXFileReference; lastKnownFileType = sourcecode.swift; path = StatsView.swift; sourceTree = "<group>"; };
		AA000001000000000000010B /* answers.txt */ = {isa = PBXFileReference; lastKnownFileType = text; path = answers.txt; sourceTree = "<group>"; };
		AA000001000000000000010C /* allowed_guesses.txt */ = {isa = PBXFileReference; lastKnownFileType = text; path = allowed_guesses.txt; sourceTree = "<group>"; };
		AA000001000000000000010D /* Assets.xcassets */ = {isa = PBXFileReference; lastKnownFileType = folder.assetcatalog; path = Assets.xcassets; sourceTree = "<group>"; };
		AA000001000000000000010E /* GameEngineTests.swift */ = {isa = PBXFileReference; lastKnownFileType = sourcecode.swift; path = GameEngineTests.swift; sourceTree = "<group>"; };
		AA0000010000000000000201 /* AureliaWords.app */ = {isa = PBXFileReference; explicitFileType = wrapper.application; includeInIndex = 0; path = AureliaWords.app; sourceTree = BUILT_PRODUCTS_DIR; };
		AA0000010000000000000202 /* AureliaWordsTests.xctest */ = {isa = PBXFileReference; explicitFileType = wrapper.cfbundle; includeInIndex = 0; path = AureliaWordsTests.xctest; sourceTree = BUILT_PRODUCTS_DIR; };
		AA0000010000000000000203 /* AureliaWordsUITests.xctest */ = {isa = PBXFileReference; explicitFileType = wrapper.cfbundle; includeInIndex = 0; path = AureliaWordsUITests.xctest; sourceTree = BUILT_PRODUCTS_DIR; };
/* End PBXFileReference section */

/* Begin PBXFrameworksBuildPhase section */
		AA0000010000000000000031 /* Frameworks */ = {
			isa = PBXFrameworksBuildPhase;
			buildActionMask = 2147483647;
			files = (
			);
			runOnlyForDeploymentPostprocessing = 0;
		};
		AA0000010000000000000032 /* Frameworks */ = {
			isa = PBXFrameworksBuildPhase;
			buildActionMask = 2147483647;
			files = (
			);
			runOnlyForDeploymentPostprocessing = 0;
		};
		AA0000010000000000000036 /* Frameworks */ = {
			isa = PBXFrameworksBuildPhase;
			buildActionMask = 2147483647;
			files = (
			);
			runOnlyForDeploymentPostprocessing = 0;
		};
/* End PBXFrameworksBuildPhase section */

/* Begin PBXGroup section */
		AA0000010000000000000021 = {
			isa = PBXGroup;
			children = (
				AA0000010000000000000050 /* AureliaWords */,
				AA0000010000000000000058 /* AureliaWordsTests */,
				AA0000010000000000000059 /* AureliaWordsUITests */,
				AA0000010000000000000060 /* Products */,
			);
			sourceTree = "<group>";
		};
		AA0000010000000000000050 /* AureliaWords */ = {
			isa = PBXGroup;
			children = (
				AA0000010000000000000101 /* AureliaWordsApp.swift */,
				AA0000010000000000000051 /* AppShell */,
				AA0000010000000000000052 /* DesignSystem */,
				AA0000010000000000000053 /* Game */,
				AA0000010000000000000054 /* Persistence */,
				AA0000010000000000000057 /* Store */,
				AA0000010000000000000055 /* Stats */,
				AA0000010000000000000056 /* WordLists */,
				AA000001000000000000010D /* Assets.xcassets */,
			);
			path = AureliaWords;
			sourceTree = "<group>";
		};
		AA0000010000000000000051 /* AppShell */ = {
			isa = PBXGroup;
			children = (
				AA0000010000000000000102 /* AppView.swift */,
				AA000001000000000000010F /* HomeView.swift */,
				AA0000010000000000000110 /* SettingsView.swift */,
				AA0000010000000000000111 /* HowToPlayView.swift */,
				AA0000010000000000000112 /* AboutSupportView.swift */,
				AA0000010000000000000113 /* AppMetadata.swift */,
			);
			path = AppShell;
			sourceTree = "<group>";
		};
		AA0000010000000000000052 /* DesignSystem */ = {
			isa = PBXGroup;
			children = (
				AA0000010000000000000103 /* Theme.swift */,
			);
			path = DesignSystem;
			sourceTree = "<group>";
		};
		AA0000010000000000000053 /* Game */ = {
			isa = PBXGroup;
			children = (
				AA0000010000000000000104 /* GameModels.swift */,
				AA0000010000000000000105 /* GameEngine.swift */,
				AA0000010000000000000106 /* GameViewModel.swift */,
				AA0000010000000000000107 /* GameView.swift */,
				AA0000010000000000000108 /* PremiumKeyboard.swift */,
				AA0000010000000000000118 /* WordServices.swift */,
			);
			path = Game;
			sourceTree = "<group>";
		};
		AA0000010000000000000054 /* Persistence */ = {
			isa = PBXGroup;
			children = (
				AA0000010000000000000109 /* PersistenceModels.swift */,
				AA0000010000000000000114 /* AppSettingsStore.swift */,
			);
			path = Persistence;
			sourceTree = "<group>";
		};
		AA0000010000000000000055 /* Stats */ = {
			isa = PBXGroup;
			children = (
				AA000001000000000000010A /* StatsView.swift */,
			);
			path = Stats;
			sourceTree = "<group>";
		};
		AA0000010000000000000057 /* Store */ = {
			isa = PBXGroup;
			children = (
				AA0000010000000000000116 /* StoreModels.swift */,
				AA0000010000000000000117 /* StoreView.swift */,
			);
			path = Store;
			sourceTree = "<group>";
		};
		AA0000010000000000000056 /* WordLists */ = {
			isa = PBXGroup;
			children = (
				AA000001000000000000010B /* answers.txt */,
				AA000001000000000000010C /* allowed_guesses.txt */,
			);
			path = WordLists;
			sourceTree = "<group>";
		};
		AA0000010000000000000058 /* AureliaWordsTests */ = {
			isa = PBXGroup;
			children = (
				AA000001000000000000010E /* GameEngineTests.swift */,
			);
			path = AureliaWordsTests;
			sourceTree = "<group>";
		};
		AA0000010000000000000059 /* AureliaWordsUITests */ = {
			isa = PBXGroup;
			children = (
				AA0000010000000000000115 /* AureliaWordsUITests.swift */,
			);
			path = AureliaWordsUITests;
			sourceTree = "<group>";
		};
		AA0000010000000000000060 /* Products */ = {
			isa = PBXGroup;
			children = (
				AA0000010000000000000201 /* AureliaWords.app */,
				AA0000010000000000000202 /* AureliaWordsTests.xctest */,
				AA0000010000000000000203 /* AureliaWordsUITests.xctest */,
			);
			name = Products;
			sourceTree = "<group>";
		};
/* End PBXGroup section */

/* Begin PBXNativeTarget section */
		AA0000010000000000000040 /* AureliaWords */ = {
			isa = PBXNativeTarget;
			buildConfigurationList = AA0000010000000000000080 /* Build configuration list for PBXNativeTarget "AureliaWords" */;
			buildPhases = (
				AA0000010000000000000030 /* Sources */,
				AA0000010000000000000031 /* Frameworks */,
				AA0000010000000000000033 /* Resources */,
			);
			buildRules = (
			);
			dependencies = (
			);
			name = AureliaWords;
			productName = AureliaWords;
			productReference = AA0000010000000000000201 /* AureliaWords.app */;
			productType = "com.apple.product-type.application";
		};
		AA0000010000000000000041 /* AureliaWordsTests */ = {
			isa = PBXNativeTarget;
			buildConfigurationList = AA0000010000000000000081 /* Build configuration list for PBXNativeTarget "AureliaWordsTests" */;
			buildPhases = (
				AA0000010000000000000034 /* Sources */,
				AA0000010000000000000032 /* Frameworks */,
				AA0000010000000000000035 /* Resources */,
			);
			buildRules = (
			);
			dependencies = (
				AA0000010000000000000011 /* PBXTargetDependency */,
			);
			name = AureliaWordsTests;
			productName = AureliaWordsTests;
			productReference = AA0000010000000000000202 /* AureliaWordsTests.xctest */;
			productType = "com.apple.product-type.bundle.unit-test";
		};
		AA0000010000000000000042 /* AureliaWordsUITests */ = {
			isa = PBXNativeTarget;
			buildConfigurationList = AA0000010000000000000082 /* Build configuration list for PBXNativeTarget "AureliaWordsUITests" */;
			buildPhases = (
				AA0000010000000000000037 /* Sources */,
				AA0000010000000000000036 /* Frameworks */,
				AA0000010000000000000038 /* Resources */,
			);
			buildRules = (
			);
			dependencies = (
				AA0000010000000000000019 /* PBXTargetDependency */,
			);
			name = AureliaWordsUITests;
			productName = AureliaWordsUITests;
			productReference = AA0000010000000000000203 /* AureliaWordsUITests.xctest */;
			productType = "com.apple.product-type.bundle.ui-testing";
		};
/* End PBXNativeTarget section */

/* Begin PBXProject section */
		AA0000010000000000000020 /* Project object */ = {
			isa = PBXProject;
			attributes = {
				BuildIndependentTargetsInParallel = 1;
				LastSwiftUpdateCheck = 2640;
				LastUpgradeCheck = 2640;
				TargetAttributes = {
					AA0000010000000000000040 = {
						CreatedOnToolsVersion = 26.4.1;
					};
					AA0000010000000000000041 = {
						CreatedOnToolsVersion = 26.4.1;
						TestTargetID = AA0000010000000000000040;
					};
					AA0000010000000000000042 = {
						CreatedOnToolsVersion = 26.4.1;
						TestTargetID = AA0000010000000000000040;
					};
				};
			};
			buildConfigurationList = AA0000010000000000000070 /* Build configuration list for PBXProject "AureliaWords" */;
			compatibilityVersion = "Xcode 15.0";
			developmentRegion = en;
			hasScannedForEncodings = 0;
			knownRegions = (
				en,
				Base,
			);
			mainGroup = AA0000010000000000000021;
			productRefGroup = AA0000010000000000000060 /* Products */;
			projectDirPath = "";
			projectRoot = "";
			targets = (
				AA0000010000000000000040 /* AureliaWords */,
				AA0000010000000000000041 /* AureliaWordsTests */,
				AA0000010000000000000042 /* AureliaWordsUITests */,
			);
		};
/* End PBXProject section */

/* Begin PBXResourcesBuildPhase section */
		AA0000010000000000000033 /* Resources */ = {
			isa = PBXResourcesBuildPhase;
			buildActionMask = 2147483647;
			files = (
				AA000001000000000000000B /* answers.txt in Resources */,
				AA000001000000000000000C /* allowed_guesses.txt in Resources */,
				AA000001000000000000000D /* Assets.xcassets in Resources */,
			);
			runOnlyForDeploymentPostprocessing = 0;
		};
		AA0000010000000000000035 /* Resources */ = {
			isa = PBXResourcesBuildPhase;
			buildActionMask = 2147483647;
			files = (
			);
			runOnlyForDeploymentPostprocessing = 0;
		};
		AA0000010000000000000038 /* Resources */ = {
			isa = PBXResourcesBuildPhase;
			buildActionMask = 2147483647;
			files = (
			);
			runOnlyForDeploymentPostprocessing = 0;
		};
/* End PBXResourcesBuildPhase section */

/* Begin PBXSourcesBuildPhase section */
		AA0000010000000000000030 /* Sources */ = {
			isa = PBXSourcesBuildPhase;
			buildActionMask = 2147483647;
			files = (
				AA0000010000000000000001 /* AureliaWordsApp.swift in Sources */,
				AA0000010000000000000002 /* AppView.swift in Sources */,
				AA000001000000000000000F /* HomeView.swift in Sources */,
				AA0000010000000000000012 /* SettingsView.swift in Sources */,
				AA0000010000000000000013 /* HowToPlayView.swift in Sources */,
				AA0000010000000000000014 /* AboutSupportView.swift in Sources */,
				AA0000010000000000000015 /* AppMetadata.swift in Sources */,
				AA0000010000000000000003 /* Theme.swift in Sources */,
				AA0000010000000000000004 /* GameModels.swift in Sources */,
				AA0000010000000000000005 /* GameEngine.swift in Sources */,
				AA0000010000000000000006 /* GameViewModel.swift in Sources */,
				AA0000010000000000000007 /* GameView.swift in Sources */,
				AA0000010000000000000008 /* PremiumKeyboard.swift in Sources */,
				AA0000010000000000000009 /* PersistenceModels.swift in Sources */,
				AA0000010000000000000016 /* AppSettingsStore.swift in Sources */,
				AA000001000000000000001B /* StoreModels.swift in Sources */,
				AA000001000000000000001C /* StoreView.swift in Sources */,
				AA000001000000000000001D /* WordServices.swift in Sources */,
				AA000001000000000000000A /* StatsView.swift in Sources */,
			);
			runOnlyForDeploymentPostprocessing = 0;
		};
		AA0000010000000000000034 /* Sources */ = {
			isa = PBXSourcesBuildPhase;
			buildActionMask = 2147483647;
			files = (
				AA000001000000000000000E /* GameEngineTests.swift in Sources */,
			);
			runOnlyForDeploymentPostprocessing = 0;
		};
		AA0000010000000000000037 /* Sources */ = {
			isa = PBXSourcesBuildPhase;
			buildActionMask = 2147483647;
			files = (
				AA0000010000000000000017 /* AureliaWordsUITests.swift in Sources */,
			);
			runOnlyForDeploymentPostprocessing = 0;
		};
/* End PBXSourcesBuildPhase section */

/* Begin PBXTargetDependency section */
		AA0000010000000000000011 /* PBXTargetDependency */ = {
			isa = PBXTargetDependency;
			target = AA0000010000000000000040 /* AureliaWords */;
			targetProxy = AA0000010000000000000010 /* PBXContainerItemProxy */;
		};
		AA0000010000000000000019 /* PBXTargetDependency */ = {
			isa = PBXTargetDependency;
			target = AA0000010000000000000040 /* AureliaWords */;
			targetProxy = AA0000010000000000000018 /* PBXContainerItemProxy */;
		};
/* End PBXTargetDependency section */

/* Begin XCBuildConfiguration section */
		AA0000010000000000000090 /* Debug */ = {
			isa = XCBuildConfiguration;
			buildSettings = {
				ALWAYS_SEARCH_USER_PATHS = NO;
				CLANG_ANALYZER_NONNULL = YES;
				CLANG_ANALYZER_NUMBER_OBJECT_CONVERSION = YES_AGGRESSIVE;
				CLANG_CXX_LANGUAGE_STANDARD = "gnu++20";
				CLANG_ENABLE_MODULES = YES;
				CLANG_ENABLE_OBJC_ARC = YES;
				CLANG_ENABLE_OBJC_WEAK = YES;
				CLANG_WARN_BLOCK_CAPTURE_AUTORELEASING = YES;
				CLANG_WARN_BOOL_CONVERSION = YES;
				CLANG_WARN_COMMA = YES;
				CLANG_WARN_CONSTANT_CONVERSION = YES;
				CLANG_WARN_DEPRECATED_OBJC_IMPLEMENTATIONS = YES;
				CLANG_WARN_DIRECT_OBJC_ISA_USAGE = YES_ERROR;
				CLANG_WARN_DOCUMENTATION_COMMENTS = YES;
				CLANG_WARN_EMPTY_BODY = YES;
				CLANG_WARN_ENUM_CONVERSION = YES;
				CLANG_WARN_INFINITE_RECURSION = YES;
				CLANG_WARN_INT_CONVERSION = YES;
				CLANG_WARN_NON_LITERAL_NULL_CONVERSION = YES;
				CLANG_WARN_OBJC_IMPLICIT_RETAIN_SELF = YES;
				CLANG_WARN_OBJC_LITERAL_CONVERSION = YES;
				CLANG_WARN_OBJC_ROOT_CLASS = YES_ERROR;
				CLANG_WARN_QUOTED_INCLUDE_IN_FRAMEWORK_HEADER = YES;
				CLANG_WARN_RANGE_LOOP_ANALYSIS = YES;
				CLANG_WARN_STRICT_PROTOTYPES = YES;
				CLANG_WARN_SUSPICIOUS_MOVE = YES;
				CLANG_WARN_UNGUARDED_AVAILABILITY = YES_AGGRESSIVE;
				CLANG_WARN_UNREACHABLE_CODE = YES;
				CLANG_WARN__DUPLICATE_METHOD_MATCH = YES;
				COPY_PHASE_STRIP = NO;
				DEBUG_INFORMATION_FORMAT = dwarf;
				ENABLE_STRICT_OBJC_MSGSEND = YES;
				ENABLE_TESTABILITY = YES;
				GCC_C_LANGUAGE_STANDARD = gnu17;
				GCC_DYNAMIC_NO_PIC = NO;
				GCC_NO_COMMON_BLOCKS = YES;
				GCC_OPTIMIZATION_LEVEL = 0;
				GCC_PREPROCESSOR_DEFINITIONS = (
					"DEBUG=1",
					"$(inherited)",
				);
				GCC_WARN_64_TO_32_BIT_CONVERSION = YES;
				GCC_WARN_ABOUT_RETURN_TYPE = YES_ERROR;
				GCC_WARN_UNDECLARED_SELECTOR = YES;
				GCC_WARN_UNINITIALIZED_AUTOS = YES_AGGRESSIVE;
				GCC_WARN_UNUSED_FUNCTION = YES;
				GCC_WARN_UNUSED_VARIABLE = YES;
				IPHONEOS_DEPLOYMENT_TARGET = 18.0;
				MTL_ENABLE_DEBUG_INFO = INCLUDE_SOURCE;
				MTL_FAST_MATH = YES;
				ONLY_ACTIVE_ARCH = YES;
				SDKROOT = iphoneos;
				SWIFT_ACTIVE_COMPILATION_CONDITIONS = DEBUG;
				SWIFT_OPTIMIZATION_LEVEL = "-Onone";
			};
			name = Debug;
		};
		AA0000010000000000000091 /* Release */ = {
			isa = XCBuildConfiguration;
			buildSettings = {
				ALWAYS_SEARCH_USER_PATHS = NO;
				CLANG_ANALYZER_NONNULL = YES;
				CLANG_ANALYZER_NUMBER_OBJECT_CONVERSION = YES_AGGRESSIVE;
				CLANG_CXX_LANGUAGE_STANDARD = "gnu++20";
				CLANG_ENABLE_MODULES = YES;
				CLANG_ENABLE_OBJC_ARC = YES;
				CLANG_ENABLE_OBJC_WEAK = YES;
				CLANG_WARN_BLOCK_CAPTURE_AUTORELEASING = YES;
				CLANG_WARN_BOOL_CONVERSION = YES;
				CLANG_WARN_COMMA = YES;
				CLANG_WARN_CONSTANT_CONVERSION = YES;
				CLANG_WARN_DEPRECATED_OBJC_IMPLEMENTATIONS = YES;
				CLANG_WARN_DIRECT_OBJC_ISA_USAGE = YES_ERROR;
				CLANG_WARN_DOCUMENTATION_COMMENTS = YES;
				CLANG_WARN_EMPTY_BODY = YES;
				CLANG_WARN_ENUM_CONVERSION = YES;
				CLANG_WARN_INFINITE_RECURSION = YES;
				CLANG_WARN_INT_CONVERSION = YES;
				CLANG_WARN_NON_LITERAL_NULL_CONVERSION = YES;
				CLANG_WARN_OBJC_IMPLICIT_RETAIN_SELF = YES;
				CLANG_WARN_OBJC_LITERAL_CONVERSION = YES;
				CLANG_WARN_OBJC_ROOT_CLASS = YES_ERROR;
				CLANG_WARN_QUOTED_INCLUDE_IN_FRAMEWORK_HEADER = YES;
				CLANG_WARN_RANGE_LOOP_ANALYSIS = YES;
				CLANG_WARN_STRICT_PROTOTYPES = YES;
				CLANG_WARN_SUSPICIOUS_MOVE = YES;
				CLANG_WARN_UNGUARDED_AVAILABILITY = YES_AGGRESSIVE;
				CLANG_WARN_UNREACHABLE_CODE = YES;
				CLANG_WARN__DUPLICATE_METHOD_MATCH = YES;
				COPY_PHASE_STRIP = NO;
				DEBUG_INFORMATION_FORMAT = "dwarf-with-dsym";
				ENABLE_NS_ASSERTIONS = NO;
				ENABLE_STRICT_OBJC_MSGSEND = YES;
				GCC_C_LANGUAGE_STANDARD = gnu17;
				GCC_NO_COMMON_BLOCKS = YES;
				GCC_WARN_64_TO_32_BIT_CONVERSION = YES;
				GCC_WARN_ABOUT_RETURN_TYPE = YES_ERROR;
				GCC_WARN_UNDECLARED_SELECTOR = YES;
				GCC_WARN_UNINITIALIZED_AUTOS = YES_AGGRESSIVE;
				GCC_WARN_UNUSED_FUNCTION = YES;
				GCC_WARN_UNUSED_VARIABLE = YES;
				IPHONEOS_DEPLOYMENT_TARGET = 18.0;
				MTL_ENABLE_DEBUG_INFO = NO;
				MTL_FAST_MATH = YES;
				SDKROOT = iphoneos;
				SWIFT_COMPILATION_MODE = wholemodule;
				SWIFT_OPTIMIZATION_LEVEL = "-O";
				VALIDATE_PRODUCT = YES;
			};
			name = Release;
		};
		AA0000010000000000000092 /* Debug */ = {
			isa = XCBuildConfiguration;
			buildSettings = {
				ASSETCATALOG_COMPILER_APPICON_NAME = AppIcon;
				CODE_SIGN_STYLE = Automatic;
				CURRENT_PROJECT_VERSION = 1;
				DEVELOPMENT_ASSET_PATHS = "";
				DEVELOPMENT_TEAM = 8DJ6A347N7;
				ENABLE_PREVIEWS = YES;
				GENERATE_INFOPLIST_FILE = YES;
				INFOPLIST_KEY_CFBundleDisplayName = "Aurelia Words";
				INFOPLIST_KEY_UIApplicationSceneManifest_Generation = YES;
				INFOPLIST_KEY_UIApplicationSupportsIndirectInputEvents = YES;
				INFOPLIST_KEY_UILaunchScreen_Generation = YES;
				INFOPLIST_KEY_UISupportedInterfaceOrientations_iPhone = UIInterfaceOrientationPortrait;
				MARKETING_VERSION = 1.0;
				PRODUCT_BUNDLE_IDENTIFIER = com.vishnugamini.AureliaWords;
				PRODUCT_NAME = "$(TARGET_NAME)";
				SUPPORTED_PLATFORMS = "iphoneos iphonesimulator";
				SUPPORTS_MACCATALYST = NO;
				SWIFT_EMIT_LOC_STRINGS = YES;
				SWIFT_VERSION = 6.0;
				TARGETED_DEVICE_FAMILY = 1;
			};
			name = Debug;
		};
		AA0000010000000000000093 /* Release */ = {
			isa = XCBuildConfiguration;
			buildSettings = {
				ASSETCATALOG_COMPILER_APPICON_NAME = AppIcon;
				CODE_SIGN_STYLE = Automatic;
				CURRENT_PROJECT_VERSION = 1;
				DEVELOPMENT_TEAM = 8DJ6A347N7;
				ENABLE_PREVIEWS = YES;
				GENERATE_INFOPLIST_FILE = YES;
				INFOPLIST_KEY_CFBundleDisplayName = "Aurelia Words";
				INFOPLIST_KEY_UIApplicationSceneManifest_Generation = YES;
				INFOPLIST_KEY_UIApplicationSupportsIndirectInputEvents = YES;
				INFOPLIST_KEY_UILaunchScreen_Generation = YES;
				INFOPLIST_KEY_UISupportedInterfaceOrientations_iPhone = UIInterfaceOrientationPortrait;
				MARKETING_VERSION = 1.0;
				PRODUCT_BUNDLE_IDENTIFIER = com.vishnugamini.AureliaWords;
				PRODUCT_NAME = "$(TARGET_NAME)";
				SUPPORTED_PLATFORMS = "iphoneos iphonesimulator";
				SUPPORTS_MACCATALYST = NO;
				SWIFT_EMIT_LOC_STRINGS = YES;
				SWIFT_VERSION = 6.0;
				TARGETED_DEVICE_FAMILY = 1;
			};
			name = Release;
		};
		AA0000010000000000000094 /* Debug */ = {
			isa = XCBuildConfiguration;
			buildSettings = {
				BUNDLE_LOADER = "$(TEST_HOST)";
				CODE_SIGN_STYLE = Automatic;
				CURRENT_PROJECT_VERSION = 1;
				GENERATE_INFOPLIST_FILE = YES;
				IPHONEOS_DEPLOYMENT_TARGET = 18.0;
				MARKETING_VERSION = 1.0;
				PRODUCT_BUNDLE_IDENTIFIER = com.vishnugamini.AureliaWordsTests;
				PRODUCT_NAME = "$(TARGET_NAME)";
				SUPPORTED_PLATFORMS = "iphoneos iphonesimulator";
				SWIFT_VERSION = 6.0;
				TARGETED_DEVICE_FAMILY = 1;
				TEST_HOST = "$(BUILT_PRODUCTS_DIR)/AureliaWords.app/$(BUNDLE_EXECUTABLE_FOLDER_PATH)/AureliaWords";
			};
			name = Debug;
		};
		AA0000010000000000000095 /* Release */ = {
			isa = XCBuildConfiguration;
			buildSettings = {
				BUNDLE_LOADER = "$(TEST_HOST)";
				CODE_SIGN_STYLE = Automatic;
				CURRENT_PROJECT_VERSION = 1;
				GENERATE_INFOPLIST_FILE = YES;
				IPHONEOS_DEPLOYMENT_TARGET = 18.0;
				MARKETING_VERSION = 1.0;
				PRODUCT_BUNDLE_IDENTIFIER = com.vishnugamini.AureliaWordsTests;
				PRODUCT_NAME = "$(TARGET_NAME)";
				SUPPORTED_PLATFORMS = "iphoneos iphonesimulator";
				SWIFT_VERSION = 6.0;
				TARGETED_DEVICE_FAMILY = 1;
				TEST_HOST = "$(BUILT_PRODUCTS_DIR)/AureliaWords.app/$(BUNDLE_EXECUTABLE_FOLDER_PATH)/AureliaWords";
			};
			name = Release;
		};
		AA0000010000000000000096 /* Debug */ = {
			isa = XCBuildConfiguration;
			buildSettings = {
				CODE_SIGN_STYLE = Automatic;
				CURRENT_PROJECT_VERSION = 1;
				DEVELOPMENT_TEAM = 8DJ6A347N7;
				GENERATE_INFOPLIST_FILE = YES;
				IPHONEOS_DEPLOYMENT_TARGET = 18.0;
				MARKETING_VERSION = 1.0;
				PRODUCT_BUNDLE_IDENTIFIER = com.vishnugamini.AureliaWordsUITests;
				PRODUCT_NAME = "$(TARGET_NAME)";
				SUPPORTED_PLATFORMS = "iphoneos iphonesimulator";
				SWIFT_VERSION = 6.0;
				TARGETED_DEVICE_FAMILY = 1;
				TEST_TARGET_NAME = AureliaWords;
			};
			name = Debug;
		};
		AA0000010000000000000097 /* Release */ = {
			isa = XCBuildConfiguration;
			buildSettings = {
				CODE_SIGN_STYLE = Automatic;
				CURRENT_PROJECT_VERSION = 1;
				DEVELOPMENT_TEAM = 8DJ6A347N7;
				GENERATE_INFOPLIST_FILE = YES;
				IPHONEOS_DEPLOYMENT_TARGET = 18.0;
				MARKETING_VERSION = 1.0;
				PRODUCT_BUNDLE_IDENTIFIER = com.vishnugamini.AureliaWordsUITests;
				PRODUCT_NAME = "$(TARGET_NAME)";
				SUPPORTED_PLATFORMS = "iphoneos iphonesimulator";
				SWIFT_VERSION = 6.0;
				TARGETED_DEVICE_FAMILY = 1;
				TEST_TARGET_NAME = AureliaWords;
			};
			name = Release;
		};
/* End XCBuildConfiguration section */

/* Begin XCConfigurationList section */
		AA0000010000000000000070 /* Build configuration list for PBXProject "AureliaWords" */ = {
			isa = XCConfigurationList;
			buildConfigurations = (
				AA0000010000000000000090 /* Debug */,
				AA0000010000000000000091 /* Release */,
			);
			defaultConfigurationIsVisible = 0;
			defaultConfigurationName = Release;
		};
		AA0000010000000000000080 /* Build configuration list for PBXNativeTarget "AureliaWords" */ = {
			isa = XCConfigurationList;
			buildConfigurations = (
				AA0000010000000000000092 /* Debug */,
				AA0000010000000000000093 /* Release */,
			);
			defaultConfigurationIsVisible = 0;
			defaultConfigurationName = Release;
		};
		AA0000010000000000000081 /* Build configuration list for PBXNativeTarget "AureliaWordsTests" */ = {
			isa = XCConfigurationList;
			buildConfigurations = (
				AA0000010000000000000094 /* Debug */,
				AA0000010000000000000095 /* Release */,
			);
			defaultConfigurationIsVisible = 0;
			defaultConfigurationName = Release;
		};
		AA0000010000000000000082 /* Build configuration list for PBXNativeTarget "AureliaWordsUITests" */ = {
			isa = XCConfigurationList;
			buildConfigurations = (
				AA0000010000000000000096 /* Debug */,
				AA0000010000000000000097 /* Release */,
			);
			defaultConfigurationIsVisible = 0;
			defaultConfigurationName = Release;
		};
/* End XCConfigurationList section */
	};
	rootObject = AA0000010000000000000020 /* Project object */;
}
